
Microsoft Visual Studio Solution File, Format Version 12.00
# Visual Studio Version 17
VisualStudioVersion = 17.4.33213.308
MinimumVisualStudioVersion = 10.0.40219.1
Project("{FAE04EC0-301F-11D3-BF4B-00C04F79EFBC}") = "Exam", "Exam\Exam.csproj", "{9BF6CAC9-2FA5-415D-93D4-282BB55E48A4}"
EndProject
Project("{FAE04EC0-301F-11D3-BF4B-00C04F79EFBC}") = "BLL", "BLL\BLL.csproj", "{7CCE44E5-B81F-405A-8604-9C208A9DE48D}"
EndProject
Project("{FAE04EC0-301F-11D3-BF4B-00C04F79EFBC}") = "Safe_and_Read", "Safe_and_Read\Safe_and_Read.csproj", "{42B6AB8B-FBEB-4E94-8BB9-20FE1C8EDCC9}"
EndProject
Global
	GlobalSection(SolutionConfigurationPlatforms) = preSolution
		Debug|Any CPU = Debug|Any CPU
		Release|Any CPU = Release|Any CPU
	EndGlobalSection
	GlobalSection(ProjectConfigurationPlatforms) = postSolution
		{9BF6CAC9-2FA5-415D-93D4-282BB55E48A4}.Debug|Any CPU.ActiveCfg = Debug|Any CPU
		{9BF6CAC9-2FA5-415D-93D4-282BB55E48A4}.Debug|Any CPU.Build.0 = Debug|Any CPU
		{9BF6CAC9-2FA5-415D-93D4-282BB55E48A4}.Release|Any CPU.ActiveCfg = Release|Any CPU
		{9BF6CAC9-2FA5-415D-93D4-282BB55E48A4}.Release|Any CPU.Build.0 = Release|Any CPU
		{7CCE44E5-B81F-405A-8604-9C208A9DE48D}.Debug|Any CPU.ActiveCfg = Debug|Any CPU
		{7CCE44E5-B81F-405A-8604-9C208A9DE48D}.Debug|Any CPU.Build.0 = Debug|Any CPU
		{7CCE44E5-B81F-405A-8604-9C208A9DE48D}.Release|Any CPU.ActiveCfg = Release|Any CPU
		{7CCE44E5-B81F-405A-8604-9C208A9DE48D}.Release|Any CPU.Build.0 = Release|Any CPU
		{42B6AB8B-FBEB-4E94-8BB9-20FE1C8EDCC9}.Debug|Any CPU.ActiveCfg = Debug|Any CPU
		{42B6AB8B-FBEB-4E94-8BB9-20FE1C8EDCC9}.Debug|Any CPU.Build.0 = Debug|Any CPU
		{42B6AB8B-FBEB-4E94-8BB9-20FE1C8EDCC9}.Release|Any CPU.ActiveCfg = Release|Any CPU
		{42B6AB8B-FBEB-4E94-8BB9-20FE1C8EDCC9}.Release|Any CPU.Build.0 = Release|Any CPU
	EndGlobalSection
	GlobalSection(SolutionProperties) = preSolution
		HideSolutionNode = FALSE
	EndGlobalSection
	GlobalSection(ExtensibilityGlobals) = postSolution
		SolutionGuid = {95FD691F-C348-4623-9EFD-3F53FCAF81B0}
	EndGlobalSection
EndGlobal
